
Microsoft Visual Studio Solution File, Format Version 12.00
# Visual Studio Version 16
VisualStudioVersion = 16.0.30503.244
MinimumVisualStudioVersion = 10.0.40219.1
Project("{9A19103F-16F7-4668-BE54-9A1E7A4F7556}") = "chat_bot", "chat_bot\chat_bot.csproj", "{535DC4E0-E41C-40F2-A242-54AA7911698B}"
EndProject
Global
	GlobalSection(SolutionConfigurationPlatforms) = preSolution
		Debug|Any CPU = Debug|Any CPU
		Release|Any CPU = Release|Any CPU
	EndGlobalSection
	GlobalSection(ProjectConfigurationPlatforms) = postSolution
		{535DC4E0-E41C-40F2-A242-54AA7911698B}.Debug|Any CPU.ActiveCfg = Debug|Any CPU
		{535DC4E0-E41C-40F2-A242-54AA7911698B}.Debug|Any CPU.Build.0 = Debug|Any CPU
		{535DC4E0-E41C-40F2-A242-54AA7911698B}.Release|Any CPU.ActiveCfg = Release|Any CPU
		{535DC4E0-E41C-40F2-A242-54AA7911698B}.Release|Any CPU.Build.0 = Release|Any CPU
	EndGlobalSection
	GlobalSection(SolutionProperties) = preSolution
		HideSolutionNode = FALSE
	EndGlobalSection
	GlobalSection(ExtensibilityGlobals) = postSolution
		SolutionGuid = {38BC6205-5F68-413D-9092-A305CF8B8BD1}
	EndGlobalSection
EndGlobal
